
Microsoft Visual Studio Solution File, Format Version 12.00
# Visual Studio Version 17
VisualStudioVersion = 17.2.32602.215
MinimumVisualStudioVersion = 10.0.40219.1
Project("{FAE04EC0-301F-11D3-BF4B-00C04F79EFBC}") = "Car'sModelOOP", "Car'sModelOOP.csproj", "{1C96FC19-EF79-442F-A087-84FC99A6D4FD}"
EndProject
Global
	GlobalSection(SolutionConfigurationPlatforms) = preSolution
		Debug|Any CPU = Debug|Any CPU
		Release|Any CPU = Release|Any CPU
	EndGlobalSection
	GlobalSection(ProjectConfigurationPlatforms) = postSolution
		{1C96FC19-EF79-442F-A087-84FC99A6D4FD}.Debug|Any CPU.ActiveCfg = Debug|Any CPU
		{1C96FC19-EF79-442F-A087-84FC99A6D4FD}.Debug|Any CPU.Build.0 = Debug|Any CPU
		{1C96FC19-EF79-442F-A087-84FC99A6D4FD}.Release|Any CPU.ActiveCfg = Release|Any CPU
		{1C96FC19-EF79-442F-A087-84FC99A6D4FD}.Release|Any CPU.Build.0 = Release|Any CPU
	EndGlobalSection
	GlobalSection(SolutionProperties) = preSolution
		HideSolutionNode = FALSE
	EndGlobalSection
	GlobalSection(ExtensibilityGlobals) = postSolution
		SolutionGuid = {F1AF493E-9E1A-486B-B0EC-80907C1C60C9}
	EndGlobalSection
EndGlobal
